
Microsoft Visual Studio Solution File, Format Version 12.00
# Visual Studio Version 17
VisualStudioVersion = 17.2.32602.215
MinimumVisualStudioVersion = 10.0.40219.1
Project("{FAE04EC0-301F-11D3-BF4B-00C04F79EFBC}") = "Terminal", "Console\Terminal.csproj", "{10A03640-956F-43B3-B1EE-DC7D5F5B0BF0}"
EndProject
Project("{FAE04EC0-301F-11D3-BF4B-00C04F79EFBC}") = "Daemon", "Daemon\Daemon.csproj", "{0F48BC4E-1B65-4DD4-9D57-205BB6C952D1}"
EndProject
Global
	GlobalSection(SolutionConfigurationPlatforms) = preSolution
		Debug|Any CPU = Debug|Any CPU
		Release|Any CPU = Release|Any CPU
	EndGlobalSection
	GlobalSection(ProjectConfigurationPlatforms) = postSolution
		{10A03640-956F-43B3-B1EE-DC7D5F5B0BF0}.Debug|Any CPU.ActiveCfg = Debug|Any CPU
		{10A03640-956F-43B3-B1EE-DC7D5F5B0BF0}.Debug|Any CPU.Build.0 = Debug|Any CPU
		{10A03640-956F-43B3-B1EE-DC7D5F5B0BF0}.Release|Any CPU.ActiveCfg = Release|Any CPU
		{10A03640-956F-43B3-B1EE-DC7D5F5B0BF0}.Release|Any CPU.Build.0 = Release|Any CPU
		{0F48BC4E-1B65-4DD4-9D57-205BB6C952D1}.Debug|Any CPU.ActiveCfg = Debug|Any CPU
		{0F48BC4E-1B65-4DD4-9D57-205BB6C952D1}.Debug|Any CPU.Build.0 = Debug|Any CPU
		{0F48BC4E-1B65-4DD4-9D57-205BB6C952D1}.Release|Any CPU.ActiveCfg = Release|Any CPU
		{0F48BC4E-1B65-4DD4-9D57-205BB6C952D1}.Release|Any CPU.Build.0 = Release|Any CPU
	EndGlobalSection
	GlobalSection(SolutionProperties) = preSolution
		HideSolutionNode = FALSE
	EndGlobalSection
	GlobalSection(ExtensibilityGlobals) = postSolution
		SolutionGuid = {36325AFF-0529-47AD-ADF1-A9F17FA2A1C6}
	EndGlobalSection
EndGlobal
